// !$*UTF8*$!
{
	archiveVersion = 1;
	classes = {
	};
	objectVersion = 46;
	objects = {

/* Begin PBXBuildFile section */
		6C1AE0921CD8B037004F4D2F /* AppDelegate.swift in Sources */ = {isa = PBXBuildFile; fileRef = 6C1AE0911CD8B037004F4D2F /* AppDelegate.swift */; };
		6C1AE0941CD8B037004F4D2F /* ViewController.swift in Sources */ = {isa = PBXBuildFile; fileRef = 6C1AE0931CD8B037004F4D2F /* ViewController.swift */; };
		6C1AE0971CD8B037004F4D2F /* Main.storyboard in Resources */ = {isa = PBXBuildFile; fileRef = 6C1AE0951CD8B037004F4D2F /* Main.storyboard */; };
		6C1AE0991CD8B037004F4D2F /* Assets.xcassets in Resources */ = {isa = PBXBuildFile; fileRef = 6C1AE0981CD8B037004F4D2F /* Assets.xcassets */; };
		6C1AE09C1CD8B037004F4D2F /* LaunchScreen.storyboard in Resources */ = {isa = PBXBuildFile; fileRef = 6C1AE09A1CD8B037004F4D2F /* LaunchScreen.storyboard */; };
		6C1AE0A61CD8B074004F4D2F /* CountView.swift in Sources */ = {isa = PBXBuildFile; fileRef = 6C1AE0A51CD8B074004F4D2F /* CountView.swift */; };
/* End PBXBuildFile section */

/* Begin PBXFileReference section */
		6C1AE08E1CD8B037004F4D2F /* CountView.app */ = {isa = PBXFileReference; explicitFileType = wrapper.application; includeInIndex = 0; path = CountView.app; sourceTree = BUILT_PRODUCTS_DIR; };
		6C1AE0911CD8B037004F4D2F /* AppDelegate.swift */ = {isa = PBXFileReference; lastKnownFileType = sourcecode.swift; path = AppDelegate.swift; sourceTree = "<group>"; };
		6C1AE0931CD8B037004F4D2F /* ViewController.swift */ = {isa = PBXFileReference; lastKnownFileType = sourcecode.swift; path = ViewController.swift; sourceTree = "<group>"; };
		6C1AE0961CD8B037004F4D2F /* Base */ = {isa = PBXFileReference; lastKnownFileType = file.storyboard; name = Base; path = Base.lproj/Main.storyboard; sourceTree = "<group>"; };
		6C1AE0981CD8B037004F4D2F /* Assets.xcassets */ = {isa = PBXFileReference; lastKnownFileType = folder.assetcatalog; path = Assets.xcassets; sourceTree = "<group>"; };
		6C1AE09B1CD8B037004F4D2F /* Base */ = {isa = PBXFileReference; lastKnownFileType = file.storyboard; name = Base; path = Base.lproj/LaunchScreen.storyboard; sourceTree = "<group>"; };
		6C1AE09D1CD8B037004F4D2F /* Info.plist */ = {isa = PBXFileReference; lastKnownFileType = text.plist.xml; path = Info.plist; sourceTree = "<group>"; };
		6C1AE0A51CD8B074004F4D2F /* CountView.swift */ = {isa = PBXFileReference; fileEncoding = 4; lastKnownFileType = sourcecode.swift; path = CountView.swift; sourceTree = "<group>"; };
/* End PBXFileReference section */

/* Begin PBXFrameworksBuildPhase section */
		6C1AE08B1CD8B037004F4D2F /* Frameworks */ = {
			isa = PBXFrameworksBuildPhase;
			buildActionMask = 2147483647;
			files = (
			);
			runOnlyForDeploymentPostprocessing = 0;
		};
/* End PBXFrameworksBuildPhase section */

/* Begin PBXGroup section */
		6C1AE0851CD8B037004F4D2F = {
			isa = PBXGroup;
			children = (
				6C1AE0901CD8B037004F4D2F /* CountView */,
				6C1AE08F1CD8B037004F4D2F /* Products */,
			);
			sourceTree = "<group>";
		};
		6C1AE08F1CD8B037004F4D2F /* Products */ = {
			isa = PBXGroup;
			children = (
				6C1AE08E1CD8B037004F4D2F /* CountView.app */,
			);
			name = Products;
			sourceTree = "<group>";
		};
		6C1AE0901CD8B037004F4D2F /* CountView */ = {
			isa = PBXGroup;
			children = (
				6C1AE0911CD8B037004F4D2F /* AppDelegate.swift */,
				6C1AE0931CD8B037004F4D2F /* ViewController.swift */,
				6C1AE0A51CD8B074004F4D2F /* CountView.swift */,
				6C1AE0951CD8B037004F4D2F /* Main.storyboard */,
				6C1AE0981CD8B037004F4D2F /* Assets.xcassets */,
				6C1AE09A1CD8B037004F4D2F /* LaunchScreen.storyboard */,
				6C1AE09D1CD8B037004F4D2F /* Info.plist */,
			);
			path = CountView;
			sourceTree = "<group>";
		};
/* End PBXGroup section */

/* Begin PBXNativeTarget section */
		6C1AE08D1CD8B037004F4D2F /* CountView */ = {
			isa = PBXNativeTarget;
			buildConfigurationList = 6C1AE0A01CD8B037004F4D2F /* Build configuration list for PBXNativeTarget "CountView" */;
			buildPhases = (
				6C1AE08A1CD8B037004F4D2F /* Sources */,
				6C1AE08B1CD8B037004F4D2F /* Frameworks */,
				6C1AE08C1CD8B037004F4D2F /* Resources */,
			);
			buildRules = (
			);
			dependencies = (
			);
			name = CountView;
			productName = CountView;
			productReference = 6C1AE08E1CD8B037004F4D2F /* CountView.app */;
			productType = "com.apple.product-type.application";
		};
/* End PBXNativeTarget section */

/* Begin PBXProject section */
		6C1AE0861CD8B037004F4D2F /* Project object */ = {
			isa = PBXProject;
			attributes = {
				LastSwiftUpdateCheck = 0730;
				LastUpgradeCheck = 0730;
				ORGANIZATIONNAME = HCFData;
				TargetAttributes = {
					6C1AE08D1CD8B037004F4D2F = {
						CreatedOnToolsVersion = 7.3;
						DevelopmentTeam = U4T3822GUK;
					};
				};
			};
			buildConfigurationList = 6C1AE0891CD8B037004F4D2F /* Build configuration list for PBXProject "CountView" */;
			compatibilityVersion = "Xcode 3.2";
			developmentRegion = English;
			hasScannedForEncodings = 0;
			knownRegions = (
				en,
				Base,
			);
			mainGroup = 6C1AE0851CD8B037004F4D2F;
			productRefGroup = 6C1AE08F1CD8B037004F4D2F /* Products */;
			projectDirPath = "";
			projectRoot = "";
			targets = (
				6C1AE08D1CD8B037004F4D2F /* CountView */,
			);
		};
/* End PBXProject section */

/* Begin PBXResourcesBuildPhase section */
		6C1AE08C1CD8B037004F4D2F /* Resources */ = {
			isa = PBXResourcesBuildPhase;
			buildActionMask = 2147483647;
			files = (
				6C1AE09C1CD8B037004F4D2F /* LaunchScreen.storyboard in Resources */,
				6C1AE0991CD8B037004F4D2F /* Assets.xcassets in Resources */,
				6C1AE0971CD8B037004F4D2F /* Main.storyboard in Resources */,
			);
			runOnlyForDeploymentPostprocessing = 0;
		};
/* End PBXResourcesBuildPhase section */

/* Begin PBXSourcesBuildPhase section */
		6C1AE08A1CD8B037004F4D2F /* Sources */ = {
			isa = PBXSourcesBuildPhase;
			buildActionMask = 2147483647;
			files = (
				6C1AE0941CD8B037004F4D2F /* ViewController.swift in Sources */,
				6C1AE0921CD8B037004F4D2F /* AppDelegate.swift in Sources */,
				6C1AE0A61CD8B074004F4D2F /* CountView.swift in Sources */,
			);
			runOnlyForDeploymentPostprocessing = 0;
		};
/* End PBXSourcesBuildPhase section */

/* Begin PBXVariantGroup section */
		6C1AE0951CD8B037004F4D2F /* Main.storyboard */ = {
			isa = PBXVariantGroup;
			children = (
				6C1AE0961CD8B037004F4D2F /* Base */,
			);
			name = Main.storyboard;
			sourceTree = "<group>";
		};
		6C1AE09A1CD8B037004F4D2F /* LaunchScreen.storyboard */ = {
			isa = PBXVariantGroup;
			children = (
				6C1AE09B1CD8B037004F4D2F /* Base */,
			);
			name = LaunchScreen.storyboard;
			sourceTree = "<group>";
		};
/* End PBXVariantGroup section */

/* Begin XCBuildConfiguration section */
		6C1AE09E1CD8B037004F4D2F /* Debug */ = {
			isa = XCBuildConfiguration;
			buildSettings = {
				ALWAYS_SEARCH_USER_PATHS = NO;
				CLANG_ANALYZER_NONNULL = YES;
				CLANG_CXX_LANGUAGE_STANDARD = "gnu++0x";
				CLANG_CXX_LIBRARY = "libc++";
				CLANG_ENABLE_MODULES = YES;
				CLANG_ENABLE_OBJC_ARC = YES;
				CLANG_WARN_BOOL_CONVERSION = YES;
				CLANG_WARN_CONSTANT_CONVERSION = YES;
				CLANG_WARN_DIRECT_OBJC_ISA_USAGE = YES_ERROR;
				CLANG_WARN_EMPTY_BODY = YES;
				CLANG_WARN_ENUM_CONVERSION = YES;
				CLANG_WARN_INT_CONVERSION = YES;
				CLANG_WARN_OBJC_ROOT_CLASS = YES_ERROR;
				CLANG_WARN_UNREACHABLE_CODE = YES;
				CLANG_WARN__DUPLICATE_METHOD_MATCH = YES;
				"CODE_SIGN_IDENTITY[sdk=iphoneos*]" = "iPhone Developer";
				COPY_PHASE_STRIP = NO;
				DEBUG_INFORMATION_FORMAT = dwarf;
				ENABLE_STRICT_OBJC_MSGSEND = YES;
				ENABLE_TESTABILITY = YES;
				GCC_C_LANGUAGE_STANDARD = gnu99;
				GCC_DYNAMIC_NO_PIC = NO;
				GCC_NO_COMMON_BLOCKS = YES;
				GCC_OPTIMIZATION_LEVEL = 0;
				GCC_PREPROCESSOR_DEFINITIONS = (
					"DEBUG=1",
					"$(inherited)",
				);
				GCC_WARN_64_TO_32_BIT_CONVERSION = YES;
				GCC_WARN_ABOUT_RETURN_TYPE = YES_ERROR;
				GCC_WARN_UNDECLARED_SELECTOR = YES;
				GCC_WARN_UNINITIALIZED_AUTOS = YES_AGGRESSIVE;
				GCC_WARN_UNUSED_FUNCTION = YES;
				GCC_WARN_UNUSED_VARIABLE = YES;
				IPHONEOS_DEPLOYMENT_TARGET = 9.3;
				MTL_ENABLE_DEBUG_INFO = YES;
				ONLY_ACTIVE_ARCH = YES;
				SDKROOT = iphoneos;
				SWIFT_OPTIMIZATION_LEVEL = "-Onone";
			};
			name = Debug;
		};
		6C1AE09F1CD8B037004F4D2F /* Release */ = {
			isa = XCBuildConfiguration;
			buildSettings = {
				ALWAYS_SEARCH_USER_PATHS = NO;
				CLANG_ANALYZER_NONNULL = YES;
				CLANG_CXX_LANGUAGE_STANDARD = "gnu++0x";
				CLANG_CXX_LIBRARY = "libc++";
				CLANG_ENABLE_MODULES = YES;
				CLANG_ENABLE_OBJC_ARC = YES;
				CLANG_WARN_BOOL_CONVERSION = YES;
				CLANG_WARN_CONSTANT_CONVERSION = YES;
				CLANG_WARN_DIRECT_OBJC_ISA_USAGE = YES_ERROR;
				CLANG_WARN_EMPTY_BODY = YES;
				CLANG_WARN_ENUM_CONVERSION = YES;
				CLANG_WARN_INT_CONVERSION = YES;
				CLANG_WARN_OBJC_ROOT_CLASS = YES_ERROR;
				CLANG_WARN_UNREACHABLE_CODE = YES;
				CLANG_WARN__DUPLICATE_METHOD_MATCH = YES;
				"CODE_SIGN_IDENTITY[sdk=iphoneos*]" = "iPhone Developer";
				COPY_PHASE_STRIP = NO;
				DEBUG_INFORMATION_FORMAT = "dwarf-with-dsym";
				ENABLE_NS_ASSERTIONS = NO;
				ENABLE_STRICT_OBJC_MSGSEND = YES;
				GCC_C_LANGUAGE_STANDARD = gnu99;
				GCC_NO_COMMON_BLOCKS = YES;
				GCC_WARN_64_TO_32_BIT_CONVERSION = YES;
				GCC_WARN_ABOUT_RETURN_TYPE = YES_ERROR;
				GCC_WARN_UNDECLARED_SELECTOR = YES;
				GCC_WARN_UNINITIALIZED_AUTOS = YES_AGGRESSIVE;
				GCC_WARN_UNUSED_FUNCTION = YES;
				GCC_WARN_UNUSED_VARIABLE = YES;
				IPHONEOS_DEPLOYMENT_TARGET = 9.3;
				MTL_ENABLE_DEBUG_INFO = NO;
				SDKROOT = iphoneos;
				VALIDATE_PRODUCT = YES;
			};
			name = Release;
		};
		6C1AE0A11CD8B037004F4D2F /* Debug */ = {
			isa = XCBuildConfiguration;
			buildSettings = {
				ASSETCATALOG_COMPILER_APPICON_NAME = AppIcon;
				CODE_SIGN_IDENTITY = "iPhone Developer";
				INFOPLIST_FILE = CountView/Info.plist;
				LD_RUNPATH_SEARCH_PATHS = "$(inherited) @executable_path/Frameworks";
				PRODUCT_BUNDLE_IDENTIFIER = com.HCFData.CountView;
				PRODUCT_NAME = "$(TARGET_NAME)";
			};
			name = Debug;
		};
		6C1AE0A21CD8B037004F4D2F /* Release */ = {
			isa = XCBuildConfiguration;
			buildSettings = {
				ASSETCATALOG_COMPILER_APPICON_NAME = AppIcon;
				CODE_SIGN_IDENTITY = "iPhone Developer";
				INFOPLIST_FILE = CountView/Info.plist;
				LD_RUNPATH_SEARCH_PATHS = "$(inherited) @executable_path/Frameworks";
				PRODUCT_BUNDLE_IDENTIFIER = com.HCFData.CountView;
				PRODUCT_NAME = "$(TARGET_NAME)";
			};
			name = Release;
		};
/* End XCBuildConfiguration section */

/* Begin XCConfigurationList section */
		6C1AE0891CD8B037004F4D2F /* Build configuration list for PBXProject "CountView" */ = {
			isa = XCConfigurationList;
			buildConfigurations = (
				6C1AE09E1CD8B037004F4D2F /* Debug */,
				6C1AE09F1CD8B037004F4D2F /* Release */,
			);
			defaultConfigurationIsVisible = 0;
			defaultConfigurationName = Release;
		};
		6C1AE0A01CD8B037004F4D2F /* Build configuration list for PBXNativeTarget "CountView" */ = {
			isa = XCConfigurationList;
			buildConfigurations = (
				6C1AE0A11CD8B037004F4D2F /* Debug */,
				6C1AE0A21CD8B037004F4D2F /* Release */,
			);
			defaultConfigurationIsVisible = 0;
			defaultConfigurationName = Release;
		};
/* End XCConfigurationList section */
	};
	rootObject = 6C1AE0861CD8B037004F4D2F /* Project object */;
}
